// !$*UTF8*$!
{
	archiveVersion = 1;
	classes = {
	};
	objectVersion = 56;
	objects = {

/* Begin PBXBuildFile section */
		001000000001 /* MacTrayOrganiserApp.swift in Sources */ = {isa = PBXBuildFile; fileRef = 002000000001; };
		001000000002 /* MenuBarItem.swift in Sources */ = {isa = PBXBuildFile; fileRef = 002000000002; };
		001000000003 /* AppSettings.swift in Sources */ = {isa = PBXBuildFile; fileRef = 002000000003; };
		001000000004 /* PermissionManager.swift in Sources */ = {isa = PBXBuildFile; fileRef = 002000000004; };
		001000000005 /* AccessibilityService.swift in Sources */ = {isa = PBXBuildFile; fileRef = 002000000005; };
		001000000006 /* MenuBarScanner.swift in Sources */ = {isa = PBXBuildFile; fileRef = 002000000006; };
		001000000007 /* MenuBarView.swift in Sources */ = {isa = PBXBuildFile; fileRef = 002000000007; };
		001000000008 /* IconGridView.swift in Sources */ = {isa = PBXBuildFile; fileRef = 002000000008; };
		001000000009 /* MainPanelView.swift in Sources */ = {isa = PBXBuildFile; fileRef = 002000000009; };
		001000000010 /* OnboardingView.swift in Sources */ = {isa = PBXBuildFile; fileRef = 002000000010; };
		001000000011 /* SettingsView.swift in Sources */ = {isa = PBXBuildFile; fileRef = 002000000011; };
		001000000012 /* ImageCapture.swift in Sources */ = {isa = PBXBuildFile; fileRef = 002000000012; };
		001000000013 /* Assets.xcassets in Resources */ = {isa = PBXBuildFile; fileRef = 002000000013; };
		001000000014 /* AppIcon.icns in Resources */ = {isa = PBXBuildFile; fileRef = 002000000016; };
/* End PBXBuildFile section */

/* Begin PBXFileReference section */
		002000000001 /* MacTrayOrganiserApp.swift */ = {isa = PBXFileReference; lastKnownFileType = sourcecode.swift; path = MacTrayOrganiserApp.swift; sourceTree = "<group>"; };
		002000000002 /* MenuBarItem.swift */ = {isa = PBXFileReference; lastKnownFileType = sourcecode.swift; path = MenuBarItem.swift; sourceTree = "<group>"; };
		002000000003 /* AppSettings.swift */ = {isa = PBXFileReference; lastKnownFileType = sourcecode.swift; path = AppSettings.swift; sourceTree = "<group>"; };
		002000000004 /* PermissionManager.swift */ = {isa = PBXFileReference; lastKnownFileType = sourcecode.swift; path = PermissionManager.swift; sourceTree = "<group>"; };
		002000000005 /* AccessibilityService.swift */ = {isa = PBXFileReference; lastKnownFileType = sourcecode.swift; path = AccessibilityService.swift; sourceTree = "<group>"; };
		002000000006 /* MenuBarScanner.swift */ = {isa = PBXFileReference; lastKnownFileType = sourcecode.swift; path = MenuBarScanner.swift; sourceTree = "<group>"; };
		002000000007 /* MenuBarView.swift */ = {isa = PBXFileReference; lastKnownFileType = sourcecode.swift; path = MenuBarView.swift; sourceTree = "<group>"; };
		002000000008 /* IconGridView.swift */ = {isa = PBXFileReference; lastKnownFileType = sourcecode.swift; path = IconGridView.swift; sourceTree = "<group>"; };
		002000000009 /* MainPanelView.swift */ = {isa = PBXFileReference; lastKnownFileType = sourcecode.swift; path = MainPanelView.swift; sourceTree = "<group>"; };
		002000000010 /* OnboardingView.swift */ = {isa = PBXFileReference; lastKnownFileType = sourcecode.swift; path = OnboardingView.swift; sourceTree = "<group>"; };
		002000000011 /* SettingsView.swift */ = {isa = PBXFileReference; lastKnownFileType = sourcecode.swift; path = SettingsView.swift; sourceTree = "<group>"; };
		002000000012 /* ImageCapture.swift */ = {isa = PBXFileReference; lastKnownFileType = sourcecode.swift; path = ImageCapture.swift; sourceTree = "<group>"; };
		002000000013 /* Assets.xcassets */ = {isa = PBXFileReference; lastKnownFileType = folder.assetcatalog; path = Assets.xcassets; sourceTree = "<group>"; };
		002000000014 /* Info.plist */ = {isa = PBXFileReference; lastKnownFileType = text.plist.xml; path = Info.plist; sourceTree = "<group>"; };
		002000000015 /* MacTrayOrganiser.entitlements */ = {isa = PBXFileReference; lastKnownFileType = text.plist.entitlements; path = MacTrayOrganiser.entitlements; sourceTree = "<group>"; };
		002000000016 /* AppIcon.icns */ = {isa = PBXFileReference; lastKnownFileType = image.icns; path = AppIcon.icns; sourceTree = "<group>"; };
		002000000000 /* MacTrayOrganiser.app */ = {isa = PBXFileReference; explicitFileType = wrapper.application; includeInIndex = 0; path = MacTrayOrganiser.app; sourceTree = BUILT_PRODUCTS_DIR; };
/* End PBXFileReference section */

/* Begin PBXFrameworksBuildPhase section */
		003000000001 /* Frameworks */ = {
			isa = PBXFrameworksBuildPhase;
			buildActionMask = 2147483647;
			files = (
			);
			runOnlyForDeploymentPostprocessing = 0;
		};
/* End PBXFrameworksBuildPhase section */

/* Begin PBXGroup section */
		004000000001 = {
			isa = PBXGroup;
			children = (
				004000000002 /* MacTrayOrganiser */,
				004000000008 /* Products */,
			);
			sourceTree = "<group>";
		};
		004000000002 /* MacTrayOrganiser */ = {
			isa = PBXGroup;
			children = (
				002000000001 /* MacTrayOrganiserApp.swift */,
				004000000003 /* Models */,
				004000000004 /* Services */,
				004000000005 /* Views */,
				004000000006 /* Utilities */,
				002000000013 /* Assets.xcassets */,
				002000000016 /* AppIcon.icns */,
				002000000014 /* Info.plist */,
				002000000015 /* MacTrayOrganiser.entitlements */,
			);
			path = MacTrayOrganiser;
			sourceTree = "<group>";
		};
		004000000003 /* Models */ = {
			isa = PBXGroup;
			children = (
				002000000002 /* MenuBarItem.swift */,
				002000000003 /* AppSettings.swift */,
			);
			path = Models;
			sourceTree = "<group>";
		};
		004000000004 /* Services */ = {
			isa = PBXGroup;
			children = (
				002000000004 /* PermissionManager.swift */,
				002000000005 /* AccessibilityService.swift */,
				002000000006 /* MenuBarScanner.swift */,
			);
			path = Services;
			sourceTree = "<group>";
		};
		004000000005 /* Views */ = {
			isa = PBXGroup;
			children = (
				002000000007 /* MenuBarView.swift */,
				002000000008 /* IconGridView.swift */,
				002000000009 /* MainPanelView.swift */,
				002000000010 /* OnboardingView.swift */,
				002000000011 /* SettingsView.swift */,
			);
			path = Views;
			sourceTree = "<group>";
		};
		004000000006 /* Utilities */ = {
			isa = PBXGroup;
			children = (
				002000000012 /* ImageCapture.swift */,
			);
			path = Utilities;
			sourceTree = "<group>";
		};
		004000000008 /* Products */ = {
			isa = PBXGroup;
			children = (
				002000000000 /* MacTrayOrganiser.app */,
			);
			name = Products;
			sourceTree = "<group>";
		};
/* End PBXGroup section */

/* Begin PBXNativeTarget section */
		005000000001 /* MacTrayOrganiser */ = {
			isa = PBXNativeTarget;
			buildConfigurationList = 006000000003 /* Build configuration list for PBXNativeTarget "MacTrayOrganiser" */;
			buildPhases = (
				007000000001 /* Sources */,
				003000000001 /* Frameworks */,
				008000000001 /* Resources */,
			);
			buildRules = (
			);
			dependencies = (
			);
			name = MacTrayOrganiser;
			productName = MacTrayOrganiser;
			productReference = 002000000000 /* MacTrayOrganiser.app */;
			productType = "com.apple.product-type.application";
		};
/* End PBXNativeTarget section */

/* Begin PBXProject section */
		009000000001 /* Project object */ = {
			isa = PBXProject;
			attributes = {
				BuildIndependentTargetsInParallel = 1;
				LastSwiftUpdateCheck = 1500;
				LastUpgradeCheck = 1500;
				TargetAttributes = {
					005000000001 = {
						CreatedOnToolsVersion = 15.0;
					};
				};
			};
			buildConfigurationList = 006000000001 /* Build configuration list for PBXProject "MacTrayOrganiser" */;
			compatibilityVersion = "Xcode 14.0";
			developmentRegion = en;
			hasScannedForEncodings = 0;
			knownRegions = (
				en,
				Base,
			);
			mainGroup = 004000000001;
			productRefGroup = 004000000008 /* Products */;
			projectDirPath = "";
			projectRoot = "";
			targets = (
				005000000001 /* MacTrayOrganiser */,
			);
		};
/* End PBXProject section */

/* Begin PBXResourcesBuildPhase section */
		008000000001 /* Resources */ = {
			isa = PBXResourcesBuildPhase;
			buildActionMask = 2147483647;
			files = (
				001000000013 /* Assets.xcassets in Resources */,
				001000000014 /* AppIcon.icns in Resources */,
			);
			runOnlyForDeploymentPostprocessing = 0;
		};
/* End PBXResourcesBuildPhase section */

/* Begin PBXSourcesBuildPhase section */
		007000000001 /* Sources */ = {
			isa = PBXSourcesBuildPhase;
			buildActionMask = 2147483647;
			files = (
				001000000001 /* MacTrayOrganiserApp.swift in Sources */,
				001000000002 /* MenuBarItem.swift in Sources */,
				001000000003 /* AppSettings.swift in Sources */,
				001000000004 /* PermissionManager.swift in Sources */,
				001000000005 /* AccessibilityService.swift in Sources */,
				001000000006 /* MenuBarScanner.swift in Sources */,
				001000000007 /* MenuBarView.swift in Sources */,
				001000000008 /* IconGridView.swift in Sources */,
				001000000009 /* MainPanelView.swift in Sources */,
				001000000010 /* OnboardingView.swift in Sources */,
				001000000011 /* SettingsView.swift in Sources */,
				001000000012 /* ImageCapture.swift in Sources */,
			);
			runOnlyForDeploymentPostprocessing = 0;
		};
/* End PBXSourcesBuildPhase section */

/* Begin XCBuildConfiguration section */
		00A000000001 /* Debug */ = {
			isa = XCBuildConfiguration;
			buildSettings = {
				ALWAYS_SEARCH_USER_PATHS = NO;
				ASSETCATALOG_COMPILER_GENERATE_SWIFT_ASSET_SYMBOL_EXTENSIONS = YES;
				CLANG_ANALYZER_NONNULL = YES;
				CLANG_ANALYZER_NUMBER_OBJECT_CONVERSION = YES_AGGRESSIVE;
				CLANG_CXX_LANGUAGE_STANDARD = "gnu++20";
				CLANG_ENABLE_MODULES = YES;
				CLANG_ENABLE_OBJC_ARC = YES;
				CLANG_ENABLE_OBJC_WEAK = YES;
				CLANG_WARN_BLOCK_CAPTURE_AUTORELEASING = YES;
				CLANG_WARN_BOOL_CONVERSION = YES;
				CLANG_WARN_COMMA = YES;
				CLANG_WARN_CONSTANT_CONVERSION = YES;
				CLANG_WARN_DEPRECATED_OBJC_IMPLEMENTATIONS = YES;
				CLANG_WARN_DIRECT_OBJC_ISA_USAGE = YES_ERROR;
				CLANG_WARN_DOCUMENTATION_COMMENTS = YES;
				CLANG_WARN_EMPTY_BODY = YES;
				CLANG_WARN_ENUM_CONVERSION = YES;
				CLANG_WARN_INFINITE_RECURSION = YES;
				CLANG_WARN_INT_CONVERSION = YES;
				CLANG_WARN_NON_LITERAL_NULL_CONVERSION = YES;
				CLANG_WARN_OBJC_IMPLICIT_RETAIN_SELF = YES;
				CLANG_WARN_OBJC_LITERAL_CONVERSION = YES;
				CLANG_WARN_OBJC_ROOT_CLASS = YES_ERROR;
				CLANG_WARN_QUOTED_INCLUDE_IN_FRAMEWORK_HEADER = YES;
				CLANG_WARN_RANGE_LOOP_ANALYSIS = YES;
				CLANG_WARN_STRICT_PROTOTYPES = YES;
				CLANG_WARN_SUSPICIOUS_MOVE = YES;
				CLANG_WARN_UNGUARDED_AVAILABILITY = YES_AGGRESSIVE;
				CLANG_WARN_UNREACHABLE_CODE = YES;
				CLANG_WARN__DUPLICATE_METHOD_MATCH = YES;
				COPY_PHASE_STRIP = NO;
				DEBUG_INFORMATION_FORMAT = dwarf;
				ENABLE_STRICT_OBJC_MSGSEND = YES;
				ENABLE_TESTABILITY = YES;
				ENABLE_USER_SCRIPT_SANDBOXING = YES;
				GCC_C_LANGUAGE_STANDARD = gnu17;
				GCC_DYNAMIC_NO_PIC = NO;
				GCC_NO_COMMON_BLOCKS = YES;
				GCC_OPTIMIZATION_LEVEL = 0;
				GCC_PREPROCESSOR_DEFINITIONS = (
					"DEBUG=1",
					"$(inherited)",
				);
				GCC_WARN_64_TO_32_BIT_CONVERSION = YES;
				GCC_WARN_ABOUT_RETURN_TYPE = YES_ERROR;
				GCC_WARN_UNDECLARED_SELECTOR = YES;
				GCC_WARN_UNINITIALIZED_AUTOS = YES_AGGRESSIVE;
				GCC_WARN_UNUSED_FUNCTION = YES;
				GCC_WARN_UNUSED_VARIABLE = YES;
				MACOSX_DEPLOYMENT_TARGET = 13.0;
				MTL_ENABLE_DEBUG_INFO = INCLUDE_SOURCE;
				MTL_FAST_MATH = YES;
				ONLY_ACTIVE_ARCH = YES;
				SDKROOT = macosx;
				SWIFT_ACTIVE_COMPILATION_CONDITIONS = "DEBUG $(inherited)";
				SWIFT_OPTIMIZATION_LEVEL = "-Onone";
			};
			name = Debug;
		};
		00A000000002 /* Release */ = {
			isa = XCBuildConfiguration;
			buildSettings = {
				ALWAYS_SEARCH_USER_PATHS = NO;
				ASSETCATALOG_COMPILER_GENERATE_SWIFT_ASSET_SYMBOL_EXTENSIONS = YES;
				CLANG_ANALYZER_NONNULL = YES;
				CLANG_ANALYZER_NUMBER_OBJECT_CONVERSION = YES_AGGRESSIVE;
				CLANG_CXX_LANGUAGE_STANDARD = "gnu++20";
				CLANG_ENABLE_MODULES = YES;
				CLANG_ENABLE_OBJC_ARC = YES;
				CLANG_ENABLE_OBJC_WEAK = YES;
				CLANG_WARN_BLOCK_CAPTURE_AUTORELEASING = YES;
				CLANG_WARN_BOOL_CONVERSION = YES;
				CLANG_WARN_COMMA = YES;
				CLANG_WARN_CONSTANT_CONVERSION = YES;
				CLANG_WARN_DEPRECATED_OBJC_IMPLEMENTATIONS = YES;
				CLANG_WARN_DIRECT_OBJC_ISA_USAGE = YES_ERROR;
				CLANG_WARN_DOCUMENTATION_COMMENTS = YES;
				CLANG_WARN_EMPTY_BODY = YES;
				CLANG_WARN_ENUM_CONVERSION = YES;
				CLANG_WARN_INFINITE_RECURSION = YES;
				CLANG_WARN_INT_CONVERSION = YES;
				CLANG_WARN_NON_LITERAL_NULL_CONVERSION = YES;
				CLANG_WARN_OBJC_IMPLICIT_RETAIN_SELF = YES;
				CLANG_WARN_OBJC_LITERAL_CONVERSION = YES;
				CLANG_WARN_OBJC_ROOT_CLASS = YES_ERROR;
				CLANG_WARN_QUOTED_INCLUDE_IN_FRAMEWORK_HEADER = YES;
				CLANG_WARN_RANGE_LOOP_ANALYSIS = YES;
				CLANG_WARN_STRICT_PROTOTYPES = YES;
				CLANG_WARN_SUSPICIOUS_MOVE = YES;
				CLANG_WARN_UNGUARDED_AVAILABILITY = YES_AGGRESSIVE;
				CLANG_WARN_UNREACHABLE_CODE = YES;
				CLANG_WARN__DUPLICATE_METHOD_MATCH = YES;
				COPY_PHASE_STRIP = NO;
				DEBUG_INFORMATION_FORMAT = "dwarf-with-dsym";
				ENABLE_NS_ASSERTIONS = NO;
				ENABLE_STRICT_OBJC_MSGSEND = YES;
				ENABLE_USER_SCRIPT_SANDBOXING = YES;
				GCC_C_LANGUAGE_STANDARD = gnu17;
				GCC_NO_COMMON_BLOCKS = YES;
				GCC_WARN_64_TO_32_BIT_CONVERSION = YES;
				GCC_WARN_ABOUT_RETURN_TYPE = YES_ERROR;
				GCC_WARN_UNDECLARED_SELECTOR = YES;
				GCC_WARN_UNINITIALIZED_AUTOS = YES_AGGRESSIVE;
				GCC_WARN_UNUSED_FUNCTION = YES;
				GCC_WARN_UNUSED_VARIABLE = YES;
				MACOSX_DEPLOYMENT_TARGET = 13.0;
				MTL_ENABLE_DEBUG_INFO = NO;
				MTL_FAST_MATH = YES;
				SDKROOT = macosx;
				SWIFT_COMPILATION_MODE = wholemodule;
			};
			name = Release;
		};
		00A000000003 /* Debug */ = {
			isa = XCBuildConfiguration;
			buildSettings = {
				ASSETCATALOG_COMPILER_APPICON_NAME = AppIcon;
				ASSETCATALOG_COMPILER_GLOBAL_ACCENT_COLOR_NAME = AccentColor;
				CODE_SIGN_ENTITLEMENTS = MacTrayOrganiser/MacTrayOrganiser.entitlements;
				CODE_SIGN_STYLE = Automatic;
				COMBINE_HIDPI_IMAGES = YES;
				CURRENT_PROJECT_VERSION = 1;
				DEVELOPMENT_TEAM = "";
				ENABLE_HARDENED_RUNTIME = YES;
				GENERATE_INFOPLIST_FILE = NO;
				INFOPLIST_FILE = MacTrayOrganiser/Info.plist;
				INFOPLIST_KEY_LSUIElement = YES;
				INFOPLIST_KEY_NSHumanReadableCopyright = "";
				LD_RUNPATH_SEARCH_PATHS = (
					"$(inherited)",
					"@executable_path/../Frameworks",
				);
				MARKETING_VERSION = 1.0.0;
				PRODUCT_BUNDLE_IDENTIFIER = com.mactrayorganiser.app;
				PRODUCT_NAME = "$(TARGET_NAME)";
				SWIFT_EMIT_LOC_STRINGS = YES;
				SWIFT_VERSION = 5.0;
			};
			name = Debug;
		};
		00A000000004 /* Release */ = {
			isa = XCBuildConfiguration;
			buildSettings = {
				ASSETCATALOG_COMPILER_APPICON_NAME = AppIcon;
				ASSETCATALOG_COMPILER_GLOBAL_ACCENT_COLOR_NAME = AccentColor;
				CODE_SIGN_ENTITLEMENTS = MacTrayOrganiser/MacTrayOrganiser.entitlements;
				CODE_SIGN_STYLE = Automatic;
				COMBINE_HIDPI_IMAGES = YES;
				CURRENT_PROJECT_VERSION = 1;
				DEVELOPMENT_TEAM = "";
				ENABLE_HARDENED_RUNTIME = YES;
				GENERATE_INFOPLIST_FILE = NO;
				INFOPLIST_FILE = MacTrayOrganiser/Info.plist;
				INFOPLIST_KEY_LSUIElement = YES;
				INFOPLIST_KEY_NSHumanReadableCopyright = "";
				LD_RUNPATH_SEARCH_PATHS = (
					"$(inherited)",
					"@executable_path/../Frameworks",
				);
				MARKETING_VERSION = 1.0.0;
				PRODUCT_BUNDLE_IDENTIFIER = com.mactrayorganiser.app;
				PRODUCT_NAME = "$(TARGET_NAME)";
				SWIFT_EMIT_LOC_STRINGS = YES;
				SWIFT_VERSION = 5.0;
			};
			name = Release;
		};
/* End XCBuildConfiguration section */

/* Begin XCConfigurationList section */
		006000000001 /* Build configuration list for PBXProject "MacTrayOrganiser" */ = {
			isa = XCConfigurationList;
			buildConfigurations = (
				00A000000001 /* Debug */,
				00A000000002 /* Release */,
			);
			defaultConfigurationIsVisible = 0;
			defaultConfigurationName = Release;
		};
		006000000003 /* Build configuration list for PBXNativeTarget "MacTrayOrganiser" */ = {
			isa = XCConfigurationList;
			buildConfigurations = (
				00A000000003 /* Debug */,
				00A000000004 /* Release */,
			);
			defaultConfigurationIsVisible = 0;
			defaultConfigurationName = Release;
		};
/* End XCConfigurationList section */
	};
	rootObject = 009000000001 /* Project object */;
}
